
Microsoft Visual Studio Solution File, Format Version 12.00
# Visual Studio Version 17
VisualStudioVersion = 17.0.31903.59
MinimumVisualStudioVersion = 10.0.40219.1
Project("{2150E333-8FDC-42A3-9474-1A3956D46DE8}") = "src", "src", "{827E0CD3-B72D-47B6-A68D-7590B98EB39B}"
EndProject
Project("{FAE04EC0-301F-11D3-BF4B-00C04F79EFBC}") = "LanTodo.Core", "src\LanTodo.Core\LanTodo.Core.csproj", "{09F5EFD9-7DF7-4761-BFD9-5A823C68E607}"
EndProject
Project("{FAE04EC0-301F-11D3-BF4B-00C04F79EFBC}") = "LanTodo.Windows", "src\LanTodo.Windows\LanTodo.Windows.csproj", "{A639D5E2-6723-4D62-9A45-36392D3DDE98}"
EndProject
Project("{FAE04EC0-301F-11D3-BF4B-00C04F79EFBC}") = "LanTodo.Android", "src\LanTodo.Android\LanTodo.Android.csproj", "{E71C8F1E-AA91-417A-B340-12672AFFF25B}"
EndProject
Project("{2150E333-8FDC-42A3-9474-1A3956D46DE8}") = "tests", "tests", "{0AB3BF05-4346-4AA6-1389-037BE0695223}"
EndProject
Project("{FAE04EC0-301F-11D3-BF4B-00C04F79EFBC}") = "LanTodo.Tests", "tests\LanTodo.Tests\LanTodo.Tests.csproj", "{CD036A3A-CE90-4D30-872A-B87D73A0D040}"
EndProject
Project("{FAE04EC0-301F-11D3-BF4B-00C04F79EFBC}") = "LanTodo.AndroidProbe", "tests\LanTodo.AndroidProbe\LanTodo.AndroidProbe.csproj", "{05053F5C-6F51-4444-9E79-E6795080449E}"
EndProject
Project("{FAE04EC0-301F-11D3-BF4B-00C04F79EFBC}") = "LanTodo.Windows.Layout", "tests\LanTodo.Windows.Layout\LanTodo.Windows.Layout.csproj", "{E67C49F8-CF88-4602-997B-6F8A9AC94224}"
EndProject
Global
	GlobalSection(SolutionConfigurationPlatforms) = preSolution
		Debug|Any CPU = Debug|Any CPU
		Debug|x64 = Debug|x64
		Debug|x86 = Debug|x86
		Release|Any CPU = Release|Any CPU
		Release|x64 = Release|x64
		Release|x86 = Release|x86
	EndGlobalSection
	GlobalSection(ProjectConfigurationPlatforms) = postSolution
		{09F5EFD9-7DF7-4761-BFD9-5A823C68E607}.Debug|Any CPU.ActiveCfg = Debug|Any CPU
		{09F5EFD9-7DF7-4761-BFD9-5A823C68E607}.Debug|Any CPU.Build.0 = Debug|Any CPU
		{09F5EFD9-7DF7-4761-BFD9-5A823C68E607}.Debug|x64.ActiveCfg = Debug|Any CPU
		{09F5EFD9-7DF7-4761-BFD9-5A823C68E607}.Debug|x64.Build.0 = Debug|Any CPU
		{09F5EFD9-7DF7-4761-BFD9-5A823C68E607}.Debug|x86.ActiveCfg = Debug|Any CPU
		{09F5EFD9-7DF7-4761-BFD9-5A823C68E607}.Debug|x86.Build.0 = Debug|Any CPU
		{09F5EFD9-7DF7-4761-BFD9-5A823C68E607}.Release|Any CPU.ActiveCfg = Release|Any CPU
		{09F5EFD9-7DF7-4761-BFD9-5A823C68E607}.Release|Any CPU.Build.0 = Release|Any CPU
		{09F5EFD9-7DF7-4761-BFD9-5A823C68E607}.Release|x64.ActiveCfg = Release|Any CPU
		{09F5EFD9-7DF7-4761-BFD9-5A823C68E607}.Release|x64.Build.0 = Release|Any CPU
		{09F5EFD9-7DF7-4761-BFD9-5A823C68E607}.Release|x86.ActiveCfg = Release|Any CPU
		{09F5EFD9-7DF7-4761-BFD9-5A823C68E607}.Release|x86.Build.0 = Release|Any CPU
		{A639D5E2-6723-4D62-9A45-36392D3DDE98}.Debug|Any CPU.ActiveCfg = Debug|Any CPU
		{A639D5E2-6723-4D62-9A45-36392D3DDE98}.Debug|Any CPU.Build.0 = Debug|Any CPU
		{A639D5E2-6723-4D62-9A45-36392D3DDE98}.Debug|x64.ActiveCfg = Debug|Any CPU
		{A639D5E2-6723-4D62-9A45-36392D3DDE98}.Debug|x64.Build.0 = Debug|Any CPU
		{A639D5E2-6723-4D62-9A45-36392D3DDE98}.Debug|x86.ActiveCfg = Debug|Any CPU
		{A639D5E2-6723-4D62-9A45-36392D3DDE98}.Debug|x86.Build.0 = Debug|Any CPU
		{A639D5E2-6723-4D62-9A45-36392D3DDE98}.Release|Any CPU.ActiveCfg = Release|Any CPU
		{A639D5E2-6723-4D62-9A45-36392D3DDE98}.Release|Any CPU.Build.0 = Release|Any CPU
		{A639D5E2-6723-4D62-9A45-36392D3DDE98}.Release|x64.ActiveCfg = Release|Any CPU
		{A639D5E2-6723-4D62-9A45-36392D3DDE98}.Release|x64.Build.0 = Release|Any CPU
		{A639D5E2-6723-4D62-9A45-36392D3DDE98}.Release|x86.ActiveCfg = Release|Any CPU
		{A639D5E2-6723-4D62-9A45-36392D3DDE98}.Release|x86.Build.0 = Release|Any CPU
		{E71C8F1E-AA91-417A-B340-12672AFFF25B}.Debug|Any CPU.ActiveCfg = Debug|Any CPU
		{E71C8F1E-AA91-417A-B340-12672AFFF25B}.Debug|Any CPU.Build.0 = Debug|Any CPU
		{E71C8F1E-AA91-417A-B340-12672AFFF25B}.Debug|x64.ActiveCfg = Debug|Any CPU
		{E71C8F1E-AA91-417A-B340-12672AFFF25B}.Debug|x64.Build.0 = Debug|Any CPU
		{E71C8F1E-AA91-417A-B340-12672AFFF25B}.Debug|x86.ActiveCfg = Debug|Any CPU
		{E71C8F1E-AA91-417A-B340-12672AFFF25B}.Debug|x86.Build.0 = Debug|Any CPU
		{E71C8F1E-AA91-417A-B340-12672AFFF25B}.Release|Any CPU.ActiveCfg = Release|Any CPU
		{E71C8F1E-AA91-417A-B340-12672AFFF25B}.Release|Any CPU.Build.0 = Release|Any CPU
		{E71C8F1E-AA91-417A-B340-12672AFFF25B}.Release|x64.ActiveCfg = Release|Any CPU
		{E71C8F1E-AA91-417A-B340-12672AFFF25B}.Release|x64.Build.0 = Release|Any CPU
		{E71C8F1E-AA91-417A-B340-12672AFFF25B}.Release|x86.ActiveCfg = Release|Any CPU
		{E71C8F1E-AA91-417A-B340-12672AFFF25B}.Release|x86.Build.0 = Release|Any CPU
		{CD036A3A-CE90-4D30-872A-B87D73A0D040}.Debug|Any CPU.ActiveCfg = Debug|Any CPU
		{CD036A3A-CE90-4D30-872A-B87D73A0D040}.Debug|Any CPU.Build.0 = Debug|Any CPU
		{CD036A3A-CE90-4D30-872A-B87D73A0D040}.Debug|x64.ActiveCfg = Debug|Any CPU
		{CD036A3A-CE90-4D30-872A-B87D73A0D040}.Debug|x64.Build.0 = Debug|Any CPU
		{CD036A3A-CE90-4D30-872A-B87D73A0D040}.Debug|x86.ActiveCfg = Debug|Any CPU
		{CD036A3A-CE90-4D30-872A-B87D73A0D040}.Debug|x86.Build.0 = Debug|Any CPU
		{CD036A3A-CE90-4D30-872A-B87D73A0D040}.Release|Any CPU.ActiveCfg = Release|Any CPU
		{CD036A3A-CE90-4D30-872A-B87D73A0D040}.Release|Any CPU.Build.0 = Release|Any CPU
		{CD036A3A-CE90-4D30-872A-B87D73A0D040}.Release|x64.ActiveCfg = Release|Any CPU
		{CD036A3A-CE90-4D30-872A-B87D73A0D040}.Release|x64.Build.0 = Release|Any CPU
		{CD036A3A-CE90-4D30-872A-B87D73A0D040}.Release|x86.ActiveCfg = Release|Any CPU
		{CD036A3A-CE90-4D30-872A-B87D73A0D040}.Release|x86.Build.0 = Release|Any CPU
		{05053F5C-6F51-4444-9E79-E6795080449E}.Debug|Any CPU.ActiveCfg = Debug|Any CPU
		{05053F5C-6F51-4444-9E79-E6795080449E}.Debug|Any CPU.Build.0 = Debug|Any CPU
		{05053F5C-6F51-4444-9E79-E6795080449E}.Debug|x64.ActiveCfg = Debug|Any CPU
		{05053F5C-6F51-4444-9E79-E6795080449E}.Debug|x64.Build.0 = Debug|Any CPU
		{05053F5C-6F51-4444-9E79-E6795080449E}.Debug|x86.ActiveCfg = Debug|Any CPU
		{05053F5C-6F51-4444-9E79-E6795080449E}.Debug|x86.Build.0 = Debug|Any CPU
		{05053F5C-6F51-4444-9E79-E6795080449E}.Release|Any CPU.ActiveCfg = Release|Any CPU
		{05053F5C-6F51-4444-9E79-E6795080449E}.Release|Any CPU.Build.0 = Release|Any CPU
		{05053F5C-6F51-4444-9E79-E6795080449E}.Release|x64.ActiveCfg = Release|Any CPU
		{05053F5C-6F51-4444-9E79-E6795080449E}.Release|x64.Build.0 = Release|Any CPU
		{05053F5C-6F51-4444-9E79-E6795080449E}.Release|x86.ActiveCfg = Release|Any CPU
		{05053F5C-6F51-4444-9E79-E6795080449E}.Release|x86.Build.0 = Release|Any CPU
		{E67C49F8-CF88-4602-997B-6F8A9AC94224}.Debug|Any CPU.ActiveCfg = Debug|Any CPU
		{E67C49F8-CF88-4602-997B-6F8A9AC94224}.Debug|Any CPU.Build.0 = Debug|Any CPU
		{E67C49F8-CF88-4602-997B-6F8A9AC94224}.Debug|x64.ActiveCfg = Debug|Any CPU
		{E67C49F8-CF88-4602-997B-6F8A9AC94224}.Debug|x64.Build.0 = Debug|Any CPU
		{E67C49F8-CF88-4602-997B-6F8A9AC94224}.Debug|x86.ActiveCfg = Debug|Any CPU
		{E67C49F8-CF88-4602-997B-6F8A9AC94224}.Debug|x86.Build.0 = Debug|Any CPU
		{E67C49F8-CF88-4602-997B-6F8A9AC94224}.Release|Any CPU.ActiveCfg = Release|Any CPU
		{E67C49F8-CF88-4602-997B-6F8A9AC94224}.Release|Any CPU.Build.0 = Release|Any CPU
		{E67C49F8-CF88-4602-997B-6F8A9AC94224}.Release|x64.ActiveCfg = Release|Any CPU
		{E67C49F8-CF88-4602-997B-6F8A9AC94224}.Release|x64.Build.0 = Release|Any CPU
		{E67C49F8-CF88-4602-997B-6F8A9AC94224}.Release|x86.ActiveCfg = Release|Any CPU
		{E67C49F8-CF88-4602-997B-6F8A9AC94224}.Release|x86.Build.0 = Release|Any CPU
	EndGlobalSection
	GlobalSection(SolutionProperties) = preSolution
		HideSolutionNode = FALSE
	EndGlobalSection
	GlobalSection(NestedProjects) = preSolution
		{09F5EFD9-7DF7-4761-BFD9-5A823C68E607} = {827E0CD3-B72D-47B6-A68D-7590B98EB39B}
		{A639D5E2-6723-4D62-9A45-36392D3DDE98} = {827E0CD3-B72D-47B6-A68D-7590B98EB39B}
		{E71C8F1E-AA91-417A-B340-12672AFFF25B} = {827E0CD3-B72D-47B6-A68D-7590B98EB39B}
		{CD036A3A-CE90-4D30-872A-B87D73A0D040} = {0AB3BF05-4346-4AA6-1389-037BE0695223}
		{05053F5C-6F51-4444-9E79-E6795080449E} = {0AB3BF05-4346-4AA6-1389-037BE0695223}
		{E67C49F8-CF88-4602-997B-6F8A9AC94224} = {0AB3BF05-4346-4AA6-1389-037BE0695223}
	EndGlobalSection
EndGlobal
